# This file is automatically @generated by Cargo.
# It is not intended for manual editing.
version = 4

[[package]]
name = "ab_glyph_rasterizer"
version = "0.1.10"
source = "registry+https://github.com/rust-lang/crates.io-index"
checksum = "366ffbaa4442f4684d91e2cd7c5ea7c4ed8add41959a31447066e279e432b618"

[[package]]
name = "fontGenerator"
version = "0.1.0"
dependencies = [
 "rusttype",
]

[[package]]
name = "owned_ttf_parser"
version = "0.15.2"
source = "registry+https://github.com/rust-lang/crates.io-index"
checksum = "05e6affeb1632d6ff6a23d2cd40ffed138e82f1532571a26f527c8a284bb2fbb"
dependencies = [
 "ttf-parser",
]

[[package]]
name = "rusttype"
version = "0.9.3"
source = "registry+https://github.com/rust-lang/crates.io-index"
checksum = "3ff8374aa04134254b7995b63ad3dc41c7f7236f69528b28553da7d72efaa967"
dependencies = [
 "ab_glyph_rasterizer",
 "owned_ttf_parser",
]

[[package]]
name = "ttf-parser"
version = "0.15.2"
source = "registry+https://github.com/rust-lang/crates.io-index"
checksum = "7b3e06c9b9d80ed6b745c7159c40b311ad2916abb34a49e9be2653b90db0d8dd"
